
Microsoft Visual Studio Solution File, Format Version 12.00
# Visual Studio 14
VisualStudioVersion = 14.0.25420.1
MinimumVisualStudioVersion = 10.0.40219.1
Project("{FAE04EC0-301F-11D3-BF4B-00C04F79EFBC}") = "LemonWayWebService", "LemonWayWebService\LemonWayWebService.csproj", "{ACEFB2E9-84D4-4967-8409-F3F3EF88B7E8}"
EndProject
Project("{FAE04EC0-301F-11D3-BF4B-00C04F79EFBC}") = "LemonWayWebService.Tests", "LemonWayWebService.Tests\LemonWayWebService.Tests.csproj", "{F80A374E-FF12-4840-96FB-8638DFD2D051}"
EndProject
Global
	GlobalSection(SolutionConfigurationPlatforms) = preSolution
		Debug|Any CPU = Debug|Any CPU
		Release|Any CPU = Release|Any CPU
	EndGlobalSection
	GlobalSection(ProjectConfigurationPlatforms) = postSolution
		{ACEFB2E9-84D4-4967-8409-F3F3EF88B7E8}.Debug|Any CPU.ActiveCfg = Debug|Any CPU
		{ACEFB2E9-84D4-4967-8409-F3F3EF88B7E8}.Debug|Any CPU.Build.0 = Debug|Any CPU
		{ACEFB2E9-84D4-4967-8409-F3F3EF88B7E8}.Release|Any CPU.ActiveCfg = Release|Any CPU
		{ACEFB2E9-84D4-4967-8409-F3F3EF88B7E8}.Release|Any CPU.Build.0 = Release|Any CPU
		{F80A374E-FF12-4840-96FB-8638DFD2D051}.Debug|Any CPU.ActiveCfg = Debug|Any CPU
		{F80A374E-FF12-4840-96FB-8638DFD2D051}.Debug|Any CPU.Build.0 = Debug|Any CPU
		{F80A374E-FF12-4840-96FB-8638DFD2D051}.Release|Any CPU.ActiveCfg = Release|Any CPU
		{F80A374E-FF12-4840-96FB-8638DFD2D051}.Release|Any CPU.Build.0 = Release|Any CPU
	EndGlobalSection
	GlobalSection(SolutionProperties) = preSolution
		HideSolutionNode = FALSE
	EndGlobalSection
EndGlobal
